
Microsoft Visual Studio Solution File, Format Version 12.00
# Visual Studio Version 17
VisualStudioVersion = 17.6.33723.286
MinimumVisualStudioVersion = 10.0.40219.1
Project("{FAE04EC0-301F-11D3-BF4B-00C04F79EFBC}") = "Bank.Model", "Bank.Model\Bank.Model.csproj", "{84FC5FD1-B41E-4D0C-9E83-A0DA48BAF8A5}"
EndProject
Project("{FAE04EC0-301F-11D3-BF4B-00C04F79EFBC}") = "Bank.Model.Common", "Bank.Model.Common\Bank.Model.Common.csproj", "{160F6C5A-A5F8-46A6-B4FA-A787DA6AF6C7}"
EndProject
Project("{FAE04EC0-301F-11D3-BF4B-00C04F79EFBC}") = "Bank.Model.Test", "Bank.Model.Test\Bank.Model.Test.csproj", "{EF26B1C7-9372-48A8-B5B7-18816AD6A17A}"
EndProject
Global
	GlobalSection(SolutionConfigurationPlatforms) = preSolution
		Debug|Any CPU = Debug|Any CPU
		Release|Any CPU = Release|Any CPU
	EndGlobalSection
	GlobalSection(ProjectConfigurationPlatforms) = postSolution
		{84FC5FD1-B41E-4D0C-9E83-A0DA48BAF8A5}.Debug|Any CPU.ActiveCfg = Debug|Any CPU
		{84FC5FD1-B41E-4D0C-9E83-A0DA48BAF8A5}.Debug|Any CPU.Build.0 = Debug|Any CPU
		{84FC5FD1-B41E-4D0C-9E83-A0DA48BAF8A5}.Release|Any CPU.ActiveCfg = Release|Any CPU
		{84FC5FD1-B41E-4D0C-9E83-A0DA48BAF8A5}.Release|Any CPU.Build.0 = Release|Any CPU
		{160F6C5A-A5F8-46A6-B4FA-A787DA6AF6C7}.Debug|Any CPU.ActiveCfg = Debug|Any CPU
		{160F6C5A-A5F8-46A6-B4FA-A787DA6AF6C7}.Debug|Any CPU.Build.0 = Debug|Any CPU
		{160F6C5A-A5F8-46A6-B4FA-A787DA6AF6C7}.Release|Any CPU.ActiveCfg = Release|Any CPU
		{160F6C5A-A5F8-46A6-B4FA-A787DA6AF6C7}.Release|Any CPU.Build.0 = Release|Any CPU
		{EF26B1C7-9372-48A8-B5B7-18816AD6A17A}.Debug|Any CPU.ActiveCfg = Debug|Any CPU
		{EF26B1C7-9372-48A8-B5B7-18816AD6A17A}.Debug|Any CPU.Build.0 = Debug|Any CPU
		{EF26B1C7-9372-48A8-B5B7-18816AD6A17A}.Release|Any CPU.ActiveCfg = Release|Any CPU
		{EF26B1C7-9372-48A8-B5B7-18816AD6A17A}.Release|Any CPU.Build.0 = Release|Any CPU
	EndGlobalSection
	GlobalSection(SolutionProperties) = preSolution
		HideSolutionNode = FALSE
	EndGlobalSection
	GlobalSection(ExtensibilityGlobals) = postSolution
		SolutionGuid = {1FA7197D-1580-42F8-ACB5-46F35C4265F3}
	EndGlobalSection
EndGlobal
